{
    ["linux|x86_64"] = {
        ["spdlog#f56260b5"] = {
            repo = {
                branch = "master",
                commit = "75c3fcffb897a8aeb37863c495b9f58266216b26",
                url = "https://github.com/xmake-io/xmake-repo.git"
            },
            version = "v1.17.0"
        }
    },
    __meta__ = {
        version = "1.0"
    }
}