{
    ["linux|x86_64"] = {
        ["boost_ut 2.3.1#f56260b5"] = {
            repo = {
                branch = "master",
                commit = "93ebc4e5f4b9df3d07d9d9c300378496aa82a5dd",
                url = "https://github.com/xmake-io/xmake-repo.git"
            },
            version = "v2.3.1"
        },
        ["cli11 2.6.1#f56260b5"] = {
            repo = {
                branch = "master",
                commit = "93ebc4e5f4b9df3d07d9d9c300378496aa82a5dd",
                url = "https://github.com/xmake-io/xmake-repo.git"
            },
            version = "v2.6.1"
        },
        ["cmake#f56260b5"] = {
            repo = {
                branch = "master",
                commit = "93ebc4e5f4b9df3d07d9d9c300378496aa82a5dd",
                url = "https://github.com/xmake-io/xmake-repo.git"
            },
            version = "4.2.3"
        },
        ["cpp-httplib 0.37.2#f56260b5"] = {
            repo = {
                branch = "master",
                commit = "93ebc4e5f4b9df3d07d9d9c300378496aa82a5dd",
                url = "https://github.com/xmake-io/xmake-repo.git"
            },
            version = "v0.37.2"
        },
        ["libcurl 8.11.0#f5a641a2"] = {
            repo = {
                branch = "master",
                commit = "93ebc4e5f4b9df3d07d9d9c300378496aa82a5dd",
                url = "https://github.com/xmake-io/xmake-repo.git"
            },
            version = "8.11.0"
        },
        ["mbedtls#f56260b5"] = {
            repo = {
                branch = "master",
                commit = "93ebc4e5f4b9df3d07d9d9c300378496aa82a5dd",
                url = "https://github.com/xmake-io/xmake-repo.git"
            },
            version = "v3.6.1"
        },
        ["ninja#f56260b5"] = {
            repo = {
                branch = "master",
                commit = "93ebc4e5f4b9df3d07d9d9c300378496aa82a5dd",
                url = "https://github.com/xmake-io/xmake-repo.git"
            },
            version = "v1.13.1"
        },
        ["nlohmann_json 3.12.0#f56260b5"] = {
            repo = {
                branch = "master",
                commit = "93ebc4e5f4b9df3d07d9d9c300378496aa82a5dd",
                url = "https://github.com/xmake-io/xmake-repo.git"
            },
            version = "v3.12.0"
        },
        ["pkg-config#f56260b5"] = {
            repo = {
                branch = "master",
                commit = "93ebc4e5f4b9df3d07d9d9c300378496aa82a5dd",
                url = "https://github.com/xmake-io/xmake-repo.git"
            },
            version = "0.29.2"
        },
        ["rapidhash 1.0#f56260b5"] = {
            repo = {
                branch = "master",
                commit = "93ebc4e5f4b9df3d07d9d9c300378496aa82a5dd",
                url = "https://github.com/xmake-io/xmake-repo.git"
            },
            version = "v1.0"
        },
        ["replxx 2021.11.25#f56260b5"] = {
            repo = {
                branch = "master",
                commit = "93ebc4e5f4b9df3d07d9d9c300378496aa82a5dd",
                url = "https://github.com/xmake-io/xmake-repo.git"
            },
            version = "2021.11.25"
        },
        ["spdlog 1.17.0#f56260b5"] = {
            repo = {
                branch = "master",
                commit = "93ebc4e5f4b9df3d07d9d9c300378496aa82a5dd",
                url = "https://github.com/xmake-io/xmake-repo.git"
            },
            version = "v1.17.0"
        },
        ["sqlite3 3.52.0#f56260b5"] = {
            repo = {
                branch = "master",
                commit = "93ebc4e5f4b9df3d07d9d9c300378496aa82a5dd",
                url = "https://github.com/xmake-io/xmake-repo.git"
            },
            version = "3.52.0+0"
        },
        ["stdexec 2024.12.08#f56260b5"] = {
            repo = {
                branch = "master",
                commit = "93ebc4e5f4b9df3d07d9d9c300378496aa82a5dd",
                url = "https://github.com/xmake-io/xmake-repo.git"
            },
            version = "2024.12.08"
        },
        ["toml++ 3.4.0#f56260b5"] = {
            repo = {
                branch = "master",
                commit = "93ebc4e5f4b9df3d07d9d9c300378496aa82a5dd",
                url = "https://github.com/xmake-io/xmake-repo.git"
            },
            version = "v3.4.0"
        }
    },
    __meta__ = {
        version = "1.0"
    }
}